// !$*UTF8*$!
{
	archiveVersion = 1;
	classes = {
	};
	objectVersion = 56;
	objects = {

/* Begin PBXBuildFile section */
		A11111110000000000000001 /* A2_iOS_Hossein_101508476App.swift in Sources */ = {isa = PBXBuildFile; fileRef = A22222220000000000000001 /* A2_iOS_Hossein_101508476App.swift */; };
		A11111110000000000000002 /* ContentView.swift in Sources */ = {isa = PBXBuildFile; fileRef = A22222220000000000000002 /* ContentView.swift */; };
		A11111110000000000000003 /* Assets.xcassets in Resources */ = {isa = PBXBuildFile; fileRef = A22222220000000000000003 /* Assets.xcassets */; };
		A11111110000000000000004 /* PersistenceController.swift in Sources */ = {isa = PBXBuildFile; fileRef = A22222220000000000000004 /* PersistenceController.swift */; };
		A11111110000000000000005 /* Product+CoreDataClass.swift in Sources */ = {isa = PBXBuildFile; fileRef = A22222220000000000000005 /* Product+CoreDataClass.swift */; };
		A11111110000000000000006 /* Product+CoreDataProperties.swift in Sources */ = {isa = PBXBuildFile; fileRef = A22222220000000000000006 /* Product+CoreDataProperties.swift */; };
		A11111110000000000000007 /* ProductModel.xcdatamodeld in Sources */ = {isa = PBXBuildFile; fileRef = A22222220000000000000007 /* ProductModel.xcdatamodeld */; };
		A11111110000000000000009 /* ProductSeeder.swift in Sources */ = {isa = PBXBuildFile; fileRef = A22222220000000000000008 /* ProductSeeder.swift */; };
		A11111110000000000000010 /* ProductListView.swift in Sources */ = {isa = PBXBuildFile; fileRef = A22222220000000000000009 /* ProductListView.swift */; };
		A11111110000000000000011 /* AddProductView.swift in Sources */ = {isa = PBXBuildFile; fileRef = A22222220000000000000010 /* AddProductView.swift */; };
		A11111110000000000000012 /* Color+Hex.swift in Sources */ = {isa = PBXBuildFile; fileRef = A22222220000000000000011 /* Color+Hex.swift */; };
		A11111110000000000000013 /* AppTheme.swift in Sources */ = {isa = PBXBuildFile; fileRef = A22222220000000000000012 /* AppTheme.swift */; };
		A11111110000000000000014 /* SharedModifiers.swift in Sources */ = {isa = PBXBuildFile; fileRef = A22222220000000000000013 /* SharedModifiers.swift */; };
		A11111110000000000000015 /* AccentGradientBar.swift in Sources */ = {isa = PBXBuildFile; fileRef = A22222220000000000000014 /* AccentGradientBar.swift */; };
		A11111110000000000000016 /* AppInputChrome.swift in Sources */ = {isa = PBXBuildFile; fileRef = A22222220000000000000015 /* AppInputChrome.swift */; };
		A11111110000000000000017 /* EmptyStateCard.swift in Sources */ = {isa = PBXBuildFile; fileRef = A22222220000000000000016 /* EmptyStateCard.swift */; };
		A11111110000000000000018 /* ValidationBanner.swift in Sources */ = {isa = PBXBuildFile; fileRef = A22222220000000000000017 /* ValidationBanner.swift */; };
		A11111110000000000000008 /* CoreData.framework in Frameworks */ = {isa = PBXBuildFile; fileRef = A44444440000000000000002 /* CoreData.framework */; };
/* End PBXBuildFile section */

/* Begin PBXFileReference section */
		A33333330000000000000001 /* A2_iOS_Hossein_101508476.app */ = {isa = PBXFileReference; explicitFileType = wrapper.application; includeInIndex = 0; path = A2_iOS_Hossein_101508476.app; sourceTree = BUILT_PRODUCTS_DIR; };
		A22222220000000000000001 /* A2_iOS_Hossein_101508476App.swift */ = {isa = PBXFileReference; lastKnownFileType = sourcecode.swift; path = A2_iOS_Hossein_101508476App.swift; sourceTree = "<group>"; };
		A22222220000000000000002 /* ContentView.swift */ = {isa = PBXFileReference; lastKnownFileType = sourcecode.swift; path = ContentView.swift; sourceTree = "<group>"; };
		A22222220000000000000003 /* Assets.xcassets */ = {isa = PBXFileReference; lastKnownFileType = folder.assetcatalog; path = Assets.xcassets; sourceTree = "<group>"; };
		A22222220000000000000004 /* PersistenceController.swift */ = {isa = PBXFileReference; lastKnownFileType = sourcecode.swift; path = PersistenceController.swift; sourceTree = "<group>"; };
		A22222220000000000000005 /* Product+CoreDataClass.swift */ = {isa = PBXFileReference; lastKnownFileType = sourcecode.swift; path = "Product+CoreDataClass.swift"; sourceTree = "<group>"; };
		A22222220000000000000006 /* Product+CoreDataProperties.swift */ = {isa = PBXFileReference; lastKnownFileType = sourcecode.swift; path = "Product+CoreDataProperties.swift"; sourceTree = "<group>"; };
		A22222220000000000000007 /* ProductModel.xcdatamodeld */ = {isa = PBXFileReference; lastKnownFileType = wrapper.xcdatamodeld; path = ProductModel.xcdatamodeld; sourceTree = "<group>"; };
		A22222220000000000000008 /* ProductSeeder.swift */ = {isa = PBXFileReference; lastKnownFileType = sourcecode.swift; path = ProductSeeder.swift; sourceTree = "<group>"; };
		A22222220000000000000009 /* ProductListView.swift */ = {isa = PBXFileReference; lastKnownFileType = sourcecode.swift; path = ProductListView.swift; sourceTree = "<group>"; };
		A22222220000000000000010 /* AddProductView.swift */ = {isa = PBXFileReference; lastKnownFileType = sourcecode.swift; path = AddProductView.swift; sourceTree = "<group>"; };
		A22222220000000000000011 /* Color+Hex.swift */ = {isa = PBXFileReference; lastKnownFileType = sourcecode.swift; path = "Color+Hex.swift"; sourceTree = "<group>"; };
		A22222220000000000000012 /* AppTheme.swift */ = {isa = PBXFileReference; lastKnownFileType = sourcecode.swift; path = AppTheme.swift; sourceTree = "<group>"; };
		A22222220000000000000013 /* SharedModifiers.swift */ = {isa = PBXFileReference; lastKnownFileType = sourcecode.swift; path = SharedModifiers.swift; sourceTree = "<group>"; };
		A22222220000000000000014 /* AccentGradientBar.swift */ = {isa = PBXFileReference; lastKnownFileType = sourcecode.swift; path = AccentGradientBar.swift; sourceTree = "<group>"; };
		A22222220000000000000015 /* AppInputChrome.swift */ = {isa = PBXFileReference; lastKnownFileType = sourcecode.swift; path = AppInputChrome.swift; sourceTree = "<group>"; };
		A22222220000000000000016 /* EmptyStateCard.swift */ = {isa = PBXFileReference; lastKnownFileType = sourcecode.swift; path = EmptyStateCard.swift; sourceTree = "<group>"; };
		A22222220000000000000017 /* ValidationBanner.swift */ = {isa = PBXFileReference; lastKnownFileType = sourcecode.swift; path = ValidationBanner.swift; sourceTree = "<group>"; };
		A44444440000000000000002 /* CoreData.framework */ = {isa = PBXFileReference; lastKnownFileType = wrapper.framework; name = CoreData.framework; path = System/Library/Frameworks/CoreData.framework; sourceTree = SDKROOT; };
/* End PBXFileReference section */

/* Begin PBXFrameworksBuildPhase section */
		A44444440000000000000001 /* Frameworks */ = {
			isa = PBXFrameworksBuildPhase;
			buildActionMask = 2147483647;
			files = (
				A11111110000000000000008 /* CoreData.framework in Frameworks */,
			);
			runOnlyForDeploymentPostprocessing = 0;
		};
/* End PBXFrameworksBuildPhase section */

/* Begin PBXGroup section */
		A55555550000000000000001 = {
			isa = PBXGroup;
			children = (
				A55555550000000000000002 /* A2_iOS_Hossein_101508476 */,
				A55555550000000000000003 /* Products */,
			);
			sourceTree = "<group>";
		};
		A55555550000000000000002 /* A2_iOS_Hossein_101508476 */ = {
			isa = PBXGroup;
			children = (
				A22222220000000000000001 /* A2_iOS_Hossein_101508476App.swift */,
				A22222220000000000000002 /* ContentView.swift */,
				A22222220000000000000003 /* Assets.xcassets */,
				A55555550000000000000008 /* DesignSystem */,
				A55555550000000000000004 /* Models */,
				A55555550000000000000005 /* Views */,
				A55555550000000000000006 /* ViewModels */,
				A55555550000000000000007 /* Persistence */,
			);
			path = A2_iOS_Hossein_101508476;
			sourceTree = "<group>";
		};
		A55555550000000000000008 /* DesignSystem */ = {
			isa = PBXGroup;
			children = (
				A22222220000000000000011 /* Color+Hex.swift */,
				A22222220000000000000012 /* AppTheme.swift */,
				A22222220000000000000013 /* SharedModifiers.swift */,
				A22222220000000000000014 /* AccentGradientBar.swift */,
				A22222220000000000000015 /* AppInputChrome.swift */,
			);
			path = DesignSystem;
			sourceTree = "<group>";
		};
		A55555550000000000000003 /* Products */ = {
			isa = PBXGroup;
			children = (
				A33333330000000000000001 /* A2_iOS_Hossein_101508476.app */,
			);
			name = Products;
			sourceTree = "<group>";
		};
		A55555550000000000000004 /* Models */ = {
			isa = PBXGroup;
			children = (
				A22222220000000000000005 /* Product+CoreDataClass.swift */,
				A22222220000000000000006 /* Product+CoreDataProperties.swift */,
			);
			path = Models;
			sourceTree = "<group>";
		};
		A55555550000000000000005 /* Views */ = {
			isa = PBXGroup;
			children = (
				A55555550000000000000009 /* Components */,
				A22222220000000000000009 /* ProductListView.swift */,
				A22222220000000000000010 /* AddProductView.swift */,
			);
			path = Views;
			sourceTree = "<group>";
		};
		A55555550000000000000009 /* Components */ = {
			isa = PBXGroup;
			children = (
				A22222220000000000000016 /* EmptyStateCard.swift */,
				A22222220000000000000017 /* ValidationBanner.swift */,
			);
			path = Components;
			sourceTree = "<group>";
		};
		A55555550000000000000006 /* ViewModels */ = {
			isa = PBXGroup;
			children = (
			);
			path = ViewModels;
			sourceTree = "<group>";
		};
		A55555550000000000000007 /* Persistence */ = {
			isa = PBXGroup;
			children = (
				A22222220000000000000004 /* PersistenceController.swift */,
				A22222220000000000000008 /* ProductSeeder.swift */,
				A22222220000000000000007 /* ProductModel.xcdatamodeld */,
			);
			path = Persistence;
			sourceTree = "<group>";
		};
/* End PBXGroup section */

/* Begin PBXNativeTarget section */
		A66666660000000000000001 /* A2_iOS_Hossein_101508476 */ = {
			isa = PBXNativeTarget;
			buildConfigurationList = A88888880000000000000002 /* Build configuration list for PBXNativeTarget "A2_iOS_Hossein_101508476" */;
			buildPhases = (
				A77777770000000000000001 /* Sources */,
				A44444440000000000000001 /* Frameworks */,
				A77777770000000000000002 /* Resources */,
			);
			buildRules = (
			);
			dependencies = (
			);
			name = A2_iOS_Hossein_101508476;
			productName = A2_iOS_Hossein_101508476;
			productReference = A33333330000000000000001 /* A2_iOS_Hossein_101508476.app */;
			productType = "com.apple.product-type.application";
		};
/* End PBXNativeTarget section */

/* Begin PBXProject section */
		A99999990000000000000001 /* Project object */ = {
			isa = PBXProject;
			attributes = {
				BuildIndependentTargetsInParallel = 1;
				LastSwiftUpdateCheck = 1500;
				LastUpgradeCheck = 1500;
				TargetAttributes = {
					A66666660000000000000001 = {
						CreatedOnToolsVersion = 15.0;
					};
				};
			};
			buildConfigurationList = A88888880000000000000001 /* Build configuration list for PBXProject "A2_iOS_Hossein_101508476" */;
			compatibilityVersion = "Xcode 14.0";
			developmentRegion = en;
			hasScannedForEncodings = 0;
			knownRegions = (
				en,
				Base,
			);
			mainGroup = A55555550000000000000001;
			productRefGroup = A55555550000000000000003 /* Products */;
			projectDirPath = "";
			projectRoot = "";
			targets = (
				A66666660000000000000001 /* A2_iOS_Hossein_101508476 */,
			);
		};
/* End PBXProject section */

/* Begin PBXResourcesBuildPhase section */
		A77777770000000000000002 /* Resources */ = {
			isa = PBXResourcesBuildPhase;
			buildActionMask = 2147483647;
			files = (
				A11111110000000000000003 /* Assets.xcassets in Resources */,
			);
			runOnlyForDeploymentPostprocessing = 0;
		};
/* End PBXResourcesBuildPhase section */

/* Begin PBXSourcesBuildPhase section */
		A77777770000000000000001 /* Sources */ = {
			isa = PBXSourcesBuildPhase;
			buildActionMask = 2147483647;
			files = (
				A11111110000000000000001 /* A2_iOS_Hossein_101508476App.swift in Sources */,
				A11111110000000000000002 /* ContentView.swift in Sources */,
				A11111110000000000000004 /* PersistenceController.swift in Sources */,
				A11111110000000000000005 /* Product+CoreDataClass.swift in Sources */,
				A11111110000000000000006 /* Product+CoreDataProperties.swift in Sources */,
				A11111110000000000000007 /* ProductModel.xcdatamodeld in Sources */,
				A11111110000000000000009 /* ProductSeeder.swift in Sources */,
				A11111110000000000000010 /* ProductListView.swift in Sources */,
				A11111110000000000000011 /* AddProductView.swift in Sources */,
				A11111110000000000000012 /* Color+Hex.swift in Sources */,
				A11111110000000000000013 /* AppTheme.swift in Sources */,
				A11111110000000000000014 /* SharedModifiers.swift in Sources */,
				A11111110000000000000015 /* AccentGradientBar.swift in Sources */,
				A11111110000000000000016 /* AppInputChrome.swift in Sources */,
				A11111110000000000000017 /* EmptyStateCard.swift in Sources */,
				A11111110000000000000018 /* ValidationBanner.swift in Sources */,
			);
			runOnlyForDeploymentPostprocessing = 0;
		};
/* End PBXSourcesBuildPhase section */

/* Begin XCBuildConfiguration section */
		AAA00001AAB00001AAC00001 /* Debug */ = {
			isa = XCBuildConfiguration;
			buildSettings = {
				ALWAYS_SEARCH_USER_PATHS = NO;
				ASSETCATALOG_COMPILER_GENERATE_SWIFT_ASSET_SYMBOL_EXTENSIONS = YES;
				CLANG_ENABLE_MODULES = YES;
				CLANG_ENABLE_OBJC_ARC = YES;
				COPY_PHASE_STRIP = NO;
				DEBUG_INFORMATION_FORMAT = dwarf;
				ENABLE_STRICT_OBJC_MSGSEND = YES;
				ENABLE_TESTABILITY = YES;
				GCC_OPTIMIZATION_LEVEL = 0;
				IPHONEOS_DEPLOYMENT_TARGET = 17.0;
				MTL_ENABLE_DEBUG_INFO = INCLUDE_SOURCE;
				ONLY_ACTIVE_ARCH = YES;
				SDKROOT = iphoneos;
				SWIFT_ACTIVE_COMPILATION_CONDITIONS = "DEBUG $(inherited)";
				SWIFT_OPTIMIZATION_LEVEL = "-Onone";
			};
			name = Debug;
		};
		AAA00001AAB00001AAC00002 /* Release */ = {
			isa = XCBuildConfiguration;
			buildSettings = {
				ALWAYS_SEARCH_USER_PATHS = NO;
				ASSETCATALOG_COMPILER_GENERATE_SWIFT_ASSET_SYMBOL_EXTENSIONS = YES;
				CLANG_ENABLE_MODULES = YES;
				CLANG_ENABLE_OBJC_ARC = YES;
				COPY_PHASE_STRIP = NO;
				DEBUG_INFORMATION_FORMAT = "dwarf-with-dsym";
				ENABLE_NS_ASSERTIONS = NO;
				ENABLE_STRICT_OBJC_MSGSEND = YES;
				IPHONEOS_DEPLOYMENT_TARGET = 17.0;
				MTL_ENABLE_DEBUG_INFO = NO;
				SDKROOT = iphoneos;
				SWIFT_COMPILATION_MODE = wholemodule;
				VALIDATE_PRODUCT = YES;
			};
			name = Release;
		};
		AAA00001AAB00001AAC00003 /* Debug */ = {
			isa = XCBuildConfiguration;
			buildSettings = {
				ASSETCATALOG_COMPILER_APPICON_NAME = AppIcon;
				CODE_SIGN_STYLE = Automatic;
				CURRENT_PROJECT_VERSION = 1;
				DEVELOPMENT_ASSET_PATHS = "";
				ENABLE_PREVIEWS = YES;
				GENERATE_INFOPLIST_FILE = YES;
				INFOPLIST_KEY_UIApplicationSceneManifest_Generation = YES;
				INFOPLIST_KEY_UIApplicationSupportsIndirectInputEvents = YES;
				INFOPLIST_KEY_UILaunchScreen_Generation = YES;
				INFOPLIST_KEY_UISupportedInterfaceOrientations_iPhone = "UIInterfaceOrientationPortrait UIInterfaceOrientationLandscapeLeft UIInterfaceOrientationLandscapeRight";
				LD_RUNPATH_SEARCH_PATHS = (
					"$(inherited)",
					"@executable_path/Frameworks",
				);
				MARKETING_VERSION = 1.0;
				PRODUCT_BUNDLE_IDENTIFIER = edu.comp3097.A2iOS.Hossein101508476;
				PRODUCT_NAME = "$(TARGET_NAME)";
				SUPPORTED_PLATFORMS = "iphoneos iphonesimulator";
				SUPPORTS_MACCATALYST = NO;
				SWIFT_EMIT_LOC_STRINGS = YES;
				SWIFT_VERSION = 5.0;
				TARGETED_DEVICE_FAMILY = 1;
			};
			name = Debug;
		};
		AAA00001AAB00001AAC00004 /* Release */ = {
			isa = XCBuildConfiguration;
			buildSettings = {
				ASSETCATALOG_COMPILER_APPICON_NAME = AppIcon;
				CODE_SIGN_STYLE = Automatic;
				CURRENT_PROJECT_VERSION = 1;
				DEVELOPMENT_ASSET_PATHS = "";
				ENABLE_PREVIEWS = YES;
				GENERATE_INFOPLIST_FILE = YES;
				INFOPLIST_KEY_UIApplicationSceneManifest_Generation = YES;
				INFOPLIST_KEY_UIApplicationSupportsIndirectInputEvents = YES;
				INFOPLIST_KEY_UILaunchScreen_Generation = YES;
				INFOPLIST_KEY_UISupportedInterfaceOrientations_iPhone = "UIInterfaceOrientationPortrait UIInterfaceOrientationLandscapeLeft UIInterfaceOrientationLandscapeRight";
				LD_RUNPATH_SEARCH_PATHS = (
					"$(inherited)",
					"@executable_path/Frameworks",
				);
				MARKETING_VERSION = 1.0;
				PRODUCT_BUNDLE_IDENTIFIER = edu.comp3097.A2iOS.Hossein101508476;
				PRODUCT_NAME = "$(TARGET_NAME)";
				SUPPORTED_PLATFORMS = "iphoneos iphonesimulator";
				SUPPORTS_MACCATALYST = NO;
				SWIFT_EMIT_LOC_STRINGS = YES;
				SWIFT_VERSION = 5.0;
				TARGETED_DEVICE_FAMILY = 1;
			};
			name = Release;
		};
/* End XCBuildConfiguration section */

/* Begin XCConfigurationList section */
		A88888880000000000000001 /* Build configuration list for PBXProject "A2_iOS_Hossein_101508476" */ = {
			isa = XCConfigurationList;
			buildConfigurations = (
				AAA00001AAB00001AAC00001 /* Debug */,
				AAA00001AAB00001AAC00002 /* Release */,
			);
			defaultConfigurationIsVisible = 0;
			defaultConfigurationName = Release;
		};
		A88888880000000000000002 /* Build configuration list for PBXNativeTarget "A2_iOS_Hossein_101508476" */ = {
			isa = XCConfigurationList;
			buildConfigurations = (
				AAA00001AAB00001AAC00003 /* Debug */,
				AAA00001AAB00001AAC00004 /* Release */,
			);
			defaultConfigurationIsVisible = 0;
			defaultConfigurationName = Release;
		};
/* End XCConfigurationList section */
	};
	rootObject = A99999990000000000000001 /* Project object */;
}
